// !$*UTF8*$!
{
	archiveVersion = 1;
	classes = {
	};
	objectVersion = 50;
	objects = {

/* Begin PBXBuildFile section */
		7B6F33FD264727FB009D7CFF /* AppDelegate.swift in Sources */ = {isa = PBXBuildFile; fileRef = 7B6F33FC264727FB009D7CFF /* AppDelegate.swift */; };
		7B6F33FF264727FB009D7CFF /* SceneDelegate.swift in Sources */ = {isa = PBXBuildFile; fileRef = 7B6F33FE264727FB009D7CFF /* SceneDelegate.swift */; };
		7B6F3401264727FB009D7CFF /* QuestionViewController.swift in Sources */ = {isa = PBXBuildFile; fileRef = 7B6F3400264727FB009D7CFF /* QuestionViewController.swift */; };
		7B6F3404264727FB009D7CFF /* Main.storyboard in Resources */ = {isa = PBXBuildFile; fileRef = 7B6F3402264727FB009D7CFF /* Main.storyboard */; };
		7B6F341A2647FD6C009D7CFF /* Question.swift in Sources */ = {isa = PBXBuildFile; fileRef = 7B6F34192647FD6C009D7CFF /* Question.swift */; };
		7B6F341D2647FDA4009D7CFF /* QuestionGroup.swift in Sources */ = {isa = PBXBuildFile; fileRef = 7B6F341C2647FDA4009D7CFF /* QuestionGroup.swift */; };
		7B6F34202647FE6F009D7CFF /* QuestionGroupData.swift in Sources */ = {isa = PBXBuildFile; fileRef = 7B6F341F2647FE6F009D7CFF /* QuestionGroupData.swift */; };
		7B6F34242647FEC0009D7CFF /* Assets.xcassets in Resources */ = {isa = PBXBuildFile; fileRef = 7B6F34232647FEC0009D7CFF /* Assets.xcassets */; };
		7B6F34282647FEFA009D7CFF /* LaunchScreen.storyboard in Resources */ = {isa = PBXBuildFile; fileRef = 7B6F34272647FEFA009D7CFF /* LaunchScreen.storyboard */; };
		7B6F342B26480105009D7CFF /* QuestionView.swift in Sources */ = {isa = PBXBuildFile; fileRef = 7B6F342A26480105009D7CFF /* QuestionView.swift */; };
/* End PBXBuildFile section */

/* Begin PBXFileReference section */
		7B6F33F9264727FB009D7CFF /* RabbleWabble.app */ = {isa = PBXFileReference; explicitFileType = wrapper.application; includeInIndex = 0; path = RabbleWabble.app; sourceTree = BUILT_PRODUCTS_DIR; };
		7B6F33FC264727FB009D7CFF /* AppDelegate.swift */ = {isa = PBXFileReference; lastKnownFileType = sourcecode.swift; path = AppDelegate.swift; sourceTree = "<group>"; };
		7B6F33FE264727FB009D7CFF /* SceneDelegate.swift */ = {isa = PBXFileReference; lastKnownFileType = sourcecode.swift; path = SceneDelegate.swift; sourceTree = "<group>"; };
		7B6F3400264727FB009D7CFF /* QuestionViewController.swift */ = {isa = PBXFileReference; lastKnownFileType = sourcecode.swift; path = QuestionViewController.swift; sourceTree = "<group>"; };
		7B6F3403264727FB009D7CFF /* Base */ = {isa = PBXFileReference; lastKnownFileType = file.storyboard; name = Base; path = Base.lproj/Main.storyboard; sourceTree = "<group>"; };
		7B6F340A264727FE009D7CFF /* Info.plist */ = {isa = PBXFileReference; lastKnownFileType = text.plist.xml; path = Info.plist; sourceTree = "<group>"; };
		7B6F34192647FD6C009D7CFF /* Question.swift */ = {isa = PBXFileReference; lastKnownFileType = sourcecode.swift; path = Question.swift; sourceTree = "<group>"; };
		7B6F341C2647FDA4009D7CFF /* QuestionGroup.swift */ = {isa = PBXFileReference; lastKnownFileType = sourcecode.swift; path = QuestionGroup.swift; sourceTree = "<group>"; };
		7B6F341F2647FE6F009D7CFF /* QuestionGroupData.swift */ = {isa = PBXFileReference; fileEncoding = 4; lastKnownFileType = sourcecode.swift; path = QuestionGroupData.swift; sourceTree = "<group>"; };
		7B6F34232647FEC0009D7CFF /* Assets.xcassets */ = {isa = PBXFileReference; lastKnownFileType = folder.assetcatalog; path = Assets.xcassets; sourceTree = "<group>"; };
		7B6F34272647FEFA009D7CFF /* LaunchScreen.storyboard */ = {isa = PBXFileReference; fileEncoding = 4; lastKnownFileType = file.storyboard; path = LaunchScreen.storyboard; sourceTree = "<group>"; };
		7B6F342A26480105009D7CFF /* QuestionView.swift */ = {isa = PBXFileReference; lastKnownFileType = sourcecode.swift; path = QuestionView.swift; sourceTree = "<group>"; };
/* End PBXFileReference section */

/* Begin PBXFrameworksBuildPhase section */
		7B6F33F6264727FB009D7CFF /* Frameworks */ = {
			isa = PBXFrameworksBuildPhase;
			buildActionMask = 2147483647;
			files = (
			);
			runOnlyForDeploymentPostprocessing = 0;
		};
/* End PBXFrameworksBuildPhase section */

/* Begin PBXGroup section */
		7B6F33F0264727FB009D7CFF = {
			isa = PBXGroup;
			children = (
				7B6F33FB264727FB009D7CFF /* RabbleWabble */,
				7B6F33FA264727FB009D7CFF /* Products */,
			);
			sourceTree = "<group>";
		};
		7B6F33FA264727FB009D7CFF /* Products */ = {
			isa = PBXGroup;
			children = (
				7B6F33F9264727FB009D7CFF /* RabbleWabble.app */,
			);
			name = Products;
			sourceTree = "<group>";
		};
		7B6F33FB264727FB009D7CFF /* RabbleWabble */ = {
			isa = PBXGroup;
			children = (
				7B6F342D26481537009D7CFF /* AppDelegates */,
				7B6F341326472927009D7CFF /* Models */,
				7B6F341526472946009D7CFF /* Views */,
				7B6F34112647290A009D7CFF /* Controllers */,
				7B6F341426472932009D7CFF /* Resources */,
			);
			path = RabbleWabble;
			sourceTree = "<group>";
		};
		7B6F34112647290A009D7CFF /* Controllers */ = {
			isa = PBXGroup;
			children = (
				7B6F3400264727FB009D7CFF /* QuestionViewController.swift */,
			);
			path = Controllers;
			sourceTree = "<group>";
		};
		7B6F341326472927009D7CFF /* Models */ = {
			isa = PBXGroup;
			children = (
				7B6F34192647FD6C009D7CFF /* Question.swift */,
				7B6F341C2647FDA4009D7CFF /* QuestionGroup.swift */,
				7B6F341F2647FE6F009D7CFF /* QuestionGroupData.swift */,
			);
			path = Models;
			sourceTree = "<group>";
		};
		7B6F341426472932009D7CFF /* Resources */ = {
			isa = PBXGroup;
			children = (
				7B6F34232647FEC0009D7CFF /* Assets.xcassets */,
				7B6F340A264727FE009D7CFF /* Info.plist */,
			);
			path = Resources;
			sourceTree = "<group>";
		};
		7B6F341526472946009D7CFF /* Views */ = {
			isa = PBXGroup;
			children = (
				7B6F3402264727FB009D7CFF /* Main.storyboard */,
				7B6F34272647FEFA009D7CFF /* LaunchScreen.storyboard */,
				7B6F342A26480105009D7CFF /* QuestionView.swift */,
			);
			path = Views;
			sourceTree = "<group>";
		};
		7B6F342D26481537009D7CFF /* AppDelegates */ = {
			isa = PBXGroup;
			children = (
				7B6F33FC264727FB009D7CFF /* AppDelegate.swift */,
				7B6F33FE264727FB009D7CFF /* SceneDelegate.swift */,
			);
			path = AppDelegates;
			sourceTree = "<group>";
		};
/* End PBXGroup section */

/* Begin PBXNativeTarget section */
		7B6F33F8264727FB009D7CFF /* RabbleWabble */ = {
			isa = PBXNativeTarget;
			buildConfigurationList = 7B6F340D264727FE009D7CFF /* Build configuration list for PBXNativeTarget "RabbleWabble" */;
			buildPhases = (
				7B6F33F5264727FB009D7CFF /* Sources */,
				7B6F33F6264727FB009D7CFF /* Frameworks */,
				7B6F33F7264727FB009D7CFF /* Resources */,
			);
			buildRules = (
			);
			dependencies = (
			);
			name = RabbleWabble;
			productName = RabbleWabble;
			productReference = 7B6F33F9264727FB009D7CFF /* RabbleWabble.app */;
			productType = "com.apple.product-type.application";
		};
/* End PBXNativeTarget section */

/* Begin PBXProject section */
		7B6F33F1264727FB009D7CFF /* Project object */ = {
			isa = PBXProject;
			attributes = {
				LastSwiftUpdateCheck = 1240;
				LastUpgradeCheck = 1240;
				TargetAttributes = {
					7B6F33F8264727FB009D7CFF = {
						CreatedOnToolsVersion = 12.4;
					};
				};
			};
			buildConfigurationList = 7B6F33F4264727FB009D7CFF /* Build configuration list for PBXProject "RabbleWabble" */;
			compatibilityVersion = "Xcode 9.3";
			developmentRegion = en;
			hasScannedForEncodings = 0;
			knownRegions = (
				en,
				Base,
			);
			mainGroup = 7B6F33F0264727FB009D7CFF;
			productRefGroup = 7B6F33FA264727FB009D7CFF /* Products */;
			projectDirPath = "";
			projectRoot = "";
			targets = (
				7B6F33F8264727FB009D7CFF /* RabbleWabble */,
			);
		};
/* End PBXProject section */

/* Begin PBXResourcesBuildPhase section */
		7B6F33F7264727FB009D7CFF /* Resources */ = {
			isa = PBXResourcesBuildPhase;
			buildActionMask = 2147483647;
			files = (
				7B6F34282647FEFA009D7CFF /* LaunchScreen.storyboard in Resources */,
				7B6F34242647FEC0009D7CFF /* Assets.xcassets in Resources */,
				7B6F3404264727FB009D7CFF /* Main.storyboard in Resources */,
			);
			runOnlyForDeploymentPostprocessing = 0;
		};
/* End PBXResourcesBuildPhase section */

/* Begin PBXSourcesBuildPhase section */
		7B6F33F5264727FB009D7CFF /* Sources */ = {
			isa = PBXSourcesBuildPhase;
			buildActionMask = 2147483647;
			files = (
				7B6F3401264727FB009D7CFF /* QuestionViewController.swift in Sources */,
				7B6F341A2647FD6C009D7CFF /* Question.swift in Sources */,
				7B6F33FD264727FB009D7CFF /* AppDelegate.swift in Sources */,
				7B6F342B26480105009D7CFF /* QuestionView.swift in Sources */,
				7B6F34202647FE6F009D7CFF /* QuestionGroupData.swift in Sources */,
				7B6F341D2647FDA4009D7CFF /* QuestionGroup.swift in Sources */,
				7B6F33FF264727FB009D7CFF /* SceneDelegate.swift in Sources */,
			);
			runOnlyForDeploymentPostprocessing = 0;
		};
/* End PBXSourcesBuildPhase section */

/* Begin PBXVariantGroup section */
		7B6F3402264727FB009D7CFF /* Main.storyboard */ = {
			isa = PBXVariantGroup;
			children = (
				7B6F3403264727FB009D7CFF /* Base */,
			);
			name = Main.storyboard;
			sourceTree = "<group>";
		};
/* End PBXVariantGroup section */

/* Begin XCBuildConfiguration section */
		7B6F340B264727FE009D7CFF /* Debug */ = {
			isa = XCBuildConfiguration;
			buildSettings = {
				ALWAYS_SEARCH_USER_PATHS = NO;
				CLANG_ANALYZER_NONNULL = YES;
				CLANG_ANALYZER_NUMBER_OBJECT_CONVERSION = YES_AGGRESSIVE;
				CLANG_CXX_LANGUAGE_STANDARD = "gnu++14";
				CLANG_CXX_LIBRARY = "libc++";
				CLANG_ENABLE_MODULES = YES;
				CLANG_ENABLE_OBJC_ARC = YES;
				CLANG_ENABLE_OBJC_WEAK = YES;
				CLANG_WARN_BLOCK_CAPTURE_AUTORELEASING = YES;
				CLANG_WARN_BOOL_CONVERSION = YES;
				CLANG_WARN_COMMA = YES;
				CLANG_WARN_CONSTANT_CONVERSION = YES;
				CLANG_WARN_DEPRECATED_OBJC_IMPLEMENTATIONS = YES;
				CLANG_WARN_DIRECT_OBJC_ISA_USAGE = YES_ERROR;
				CLANG_WARN_DOCUMENTATION_COMMENTS = YES;
				CLANG_WARN_EMPTY_BODY = YES;
				CLANG_WARN_ENUM_CONVERSION = YES;
				CLANG_WARN_INFINITE_RECURSION = YES;
				CLANG_WARN_INT_CONVERSION = YES;
				CLANG_WARN_NON_LITERAL_NULL_CONVERSION = YES;
				CLANG_WARN_OBJC_IMPLICIT_RETAIN_SELF = YES;
				CLANG_WARN_OBJC_LITERAL_CONVERSION = YES;
				CLANG_WARN_OBJC_ROOT_CLASS = YES_ERROR;
				CLANG_WARN_QUOTED_INCLUDE_IN_FRAMEWORK_HEADER = YES;
				CLANG_WARN_RANGE_LOOP_ANALYSIS = YES;
				CLANG_WARN_STRICT_PROTOTYPES = YES;
				CLANG_WARN_SUSPICIOUS_MOVE = YES;
				CLANG_WARN_UNGUARDED_AVAILABILITY = YES_AGGRESSIVE;
				CLANG_WARN_UNREACHABLE_CODE = YES;
				CLANG_WARN__DUPLICATE_METHOD_MATCH = YES;
				COPY_PHASE_STRIP = NO;
				DEBUG_INFORMATION_FORMAT = dwarf;
				ENABLE_STRICT_OBJC_MSGSEND = YES;
				ENABLE_TESTABILITY = YES;
				GCC_C_LANGUAGE_STANDARD = gnu11;
				GCC_DYNAMIC_NO_PIC = NO;
				GCC_NO_COMMON_BLOCKS = YES;
				GCC_OPTIMIZATION_LEVEL = 0;
				GCC_PREPROCESSOR_DEFINITIONS = (
					"DEBUG=1",
					"$(inherited)",
				);
				GCC_WARN_64_TO_32_BIT_CONVERSION = YES;
				GCC_WARN_ABOUT_RETURN_TYPE = YES_ERROR;
				GCC_WARN_UNDECLARED_SELECTOR = YES;
				GCC_WARN_UNINITIALIZED_AUTOS = YES_AGGRESSIVE;
				GCC_WARN_UNUSED_FUNCTION = YES;
				GCC_WARN_UNUSED_VARIABLE = YES;
				IPHONEOS_DEPLOYMENT_TARGET = 14.4;
				MTL_ENABLE_DEBUG_INFO = INCLUDE_SOURCE;
				MTL_FAST_MATH = YES;
				ONLY_ACTIVE_ARCH = YES;
				SDKROOT = iphoneos;
				SWIFT_ACTIVE_COMPILATION_CONDITIONS = DEBUG;
				SWIFT_OPTIMIZATION_LEVEL = "-Onone";
			};
			name = Debug;
		};
		7B6F340C264727FE009D7CFF /* Release */ = {
			isa = XCBuildConfiguration;
			buildSettings = {
				ALWAYS_SEARCH_USER_PATHS = NO;
				CLANG_ANALYZER_NONNULL = YES;
				CLANG_ANALYZER_NUMBER_OBJECT_CONVERSION = YES_AGGRESSIVE;
				CLANG_CXX_LANGUAGE_STANDARD = "gnu++14";
				CLANG_CXX_LIBRARY = "libc++";
				CLANG_ENABLE_MODULES = YES;
				CLANG_ENABLE_OBJC_ARC = YES;
				CLANG_ENABLE_OBJC_WEAK = YES;
				CLANG_WARN_BLOCK_CAPTURE_AUTORELEASING = YES;
				CLANG_WARN_BOOL_CONVERSION = YES;
				CLANG_WARN_COMMA = YES;
				CLANG_WARN_CONSTANT_CONVERSION = YES;
				CLANG_WARN_DEPRECATED_OBJC_IMPLEMENTATIONS = YES;
				CLANG_WARN_DIRECT_OBJC_ISA_USAGE = YES_ERROR;
				CLANG_WARN_DOCUMENTATION_COMMENTS = YES;
				CLANG_WARN_EMPTY_BODY = YES;
				CLANG_WARN_ENUM_CONVERSION = YES;
				CLANG_WARN_INFINITE_RECURSION = YES;
				CLANG_WARN_INT_CONVERSION = YES;
				CLANG_WARN_NON_LITERAL_NULL_CONVERSION = YES;
				CLANG_WARN_OBJC_IMPLICIT_RETAIN_SELF = YES;
				CLANG_WARN_OBJC_LITERAL_CONVERSION = YES;
				CLANG_WARN_OBJC_ROOT_CLASS = YES_ERROR;
				CLANG_WARN_QUOTED_INCLUDE_IN_FRAMEWORK_HEADER = YES;
				CLANG_WARN_RANGE_LOOP_ANALYSIS = YES;
				CLANG_WARN_STRICT_PROTOTYPES = YES;
				CLANG_WARN_SUSPICIOUS_MOVE = YES;
				CLANG_WARN_UNGUARDED_AVAILABILITY = YES_AGGRESSIVE;
				CLANG_WARN_UNREACHABLE_CODE = YES;
				CLANG_WARN__DUPLICATE_METHOD_MATCH = YES;
				COPY_PHASE_STRIP = NO;
				DEBUG_INFORMATION_FORMAT = "dwarf-with-dsym";
				ENABLE_NS_ASSERTIONS = NO;
				ENABLE_STRICT_OBJC_MSGSEND = YES;
				GCC_C_LANGUAGE_STANDARD = gnu11;
				GCC_NO_COMMON_BLOCKS = YES;
				GCC_WARN_64_TO_32_BIT_CONVERSION = YES;
				GCC_WARN_ABOUT_RETURN_TYPE = YES_ERROR;
				GCC_WARN_UNDECLARED_SELECTOR = YES;
				GCC_WARN_UNINITIALIZED_AUTOS = YES_AGGRESSIVE;
				GCC_WARN_UNUSED_FUNCTION = YES;
				GCC_WARN_UNUSED_VARIABLE = YES;
				IPHONEOS_DEPLOYMENT_TARGET = 14.4;
				MTL_ENABLE_DEBUG_INFO = NO;
				MTL_FAST_MATH = YES;
				SDKROOT = iphoneos;
				SWIFT_COMPILATION_MODE = wholemodule;
				SWIFT_OPTIMIZATION_LEVEL = "-O";
				VALIDATE_PRODUCT = YES;
			};
			name = Release;
		};
		7B6F340E264727FE009D7CFF /* Debug */ = {
			isa = XCBuildConfiguration;
			buildSettings = {
				ASSETCATALOG_COMPILER_APPICON_NAME = AppIcon;
				ASSETCATALOG_COMPILER_GLOBAL_ACCENT_COLOR_NAME = AccentColor;
				CODE_SIGN_STYLE = Automatic;
				DEVELOPMENT_TEAM = 68FXT4UH73;
				INFOPLIST_FILE = RabbleWabble/Resources/Info.plist;
				LD_RUNPATH_SEARCH_PATHS = (
					"$(inherited)",
					"@executable_path/Frameworks",
				);
				PRODUCT_BUNDLE_IDENTIFIER = ru.egorskikh.RabbleWabble;
				PRODUCT_NAME = "$(TARGET_NAME)";
				SWIFT_VERSION = 5.0;
				TARGETED_DEVICE_FAMILY = "1,2";
			};
			name = Debug;
		};
		7B6F340F264727FE009D7CFF /* Release */ = {
			isa = XCBuildConfiguration;
			buildSettings = {
				ASSETCATALOG_COMPILER_APPICON_NAME = AppIcon;
				ASSETCATALOG_COMPILER_GLOBAL_ACCENT_COLOR_NAME = AccentColor;
				CODE_SIGN_STYLE = Automatic;
				DEVELOPMENT_TEAM = 68FXT4UH73;
				INFOPLIST_FILE = RabbleWabble/Resources/Info.plist;
				LD_RUNPATH_SEARCH_PATHS = (
					"$(inherited)",
					"@executable_path/Frameworks",
				);
				PRODUCT_BUNDLE_IDENTIFIER = ru.egorskikh.RabbleWabble;
				PRODUCT_NAME = "$(TARGET_NAME)";
				SWIFT_VERSION = 5.0;
				TARGETED_DEVICE_FAMILY = "1,2";
			};
			name = Release;
		};
/* End XCBuildConfiguration section */

/* Begin XCConfigurationList section */
		7B6F33F4264727FB009D7CFF /* Build configuration list for PBXProject "RabbleWabble" */ = {
			isa = XCConfigurationList;
			buildConfigurations = (
				7B6F340B264727FE009D7CFF /* Debug */,
				7B6F340C264727FE009D7CFF /* Release */,
			);
			defaultConfigurationIsVisible = 0;
			defaultConfigurationName = Release;
		};
		7B6F340D264727FE009D7CFF /* Build configuration list for PBXNativeTarget "RabbleWabble" */ = {
			isa = XCConfigurationList;
			buildConfigurations = (
				7B6F340E264727FE009D7CFF /* Debug */,
				7B6F340F264727FE009D7CFF /* Release */,
			);
			defaultConfigurationIsVisible = 0;
			defaultConfigurationName = Release;
		};
/* End XCConfigurationList section */
	};
	rootObject = 7B6F33F1264727FB009D7CFF /* Project object */;
}
